
Microsoft Visual Studio Solution File, Format Version 12.00
# Visual Studio 2012
Project("{FAE04EC0-301F-11D3-BF4B-00C04F79EFBC}") = "Latihan_1_1", "WindowsFormsApplication1\Latihan_1_1.csproj", "{C03BBBB0-A3CE-4325-A85B-3DDB64B5D5E2}"
EndProject
Global
	GlobalSection(SolutionConfigurationPlatforms) = preSolution
		Debug|Any CPU = Debug|Any CPU
		Release|Any CPU = Release|Any CPU
	EndGlobalSection
	GlobalSection(ProjectConfigurationPlatforms) = postSolution
		{C03BBBB0-A3CE-4325-A85B-3DDB64B5D5E2}.Debug|Any CPU.ActiveCfg = Debug|Any CPU
		{C03BBBB0-A3CE-4325-A85B-3DDB64B5D5E2}.Debug|Any CPU.Build.0 = Debug|Any CPU
		{C03BBBB0-A3CE-4325-A85B-3DDB64B5D5E2}.Release|Any CPU.ActiveCfg = Release|Any CPU
		{C03BBBB0-A3CE-4325-A85B-3DDB64B5D5E2}.Release|Any CPU.Build.0 = Release|Any CPU
	EndGlobalSection
	GlobalSection(SolutionProperties) = preSolution
		HideSolutionNode = FALSE
	EndGlobalSection
EndGlobal
